
Microsoft Visual Studio Solution File, Format Version 12.00
# Visual Studio Version 17
VisualStudioVersion = 17.7.34031.279
MinimumVisualStudioVersion = 10.0.40219.1
Project("{888888A0-9F3D-457C-B088-3A5042F75D52}") = "Little Professor", "Little Professor\Little Professor.pyproj", "{3D1C4EE8-5E48-4308-BC57-31F5804F2C60}"
EndProject
Global
	GlobalSection(SolutionConfigurationPlatforms) = preSolution
		Debug|Any CPU = Debug|Any CPU
		Release|Any CPU = Release|Any CPU
	EndGlobalSection
	GlobalSection(ProjectConfigurationPlatforms) = postSolution
		{3D1C4EE8-5E48-4308-BC57-31F5804F2C60}.Debug|Any CPU.ActiveCfg = Debug|Any CPU
		{3D1C4EE8-5E48-4308-BC57-31F5804F2C60}.Release|Any CPU.ActiveCfg = Release|Any CPU
	EndGlobalSection
	GlobalSection(SolutionProperties) = preSolution
		HideSolutionNode = FALSE
	EndGlobalSection
	GlobalSection(ExtensibilityGlobals) = postSolution
		SolutionGuid = {1E3938CA-DA9D-4AF7-B412-170789AEC8A4}
	EndGlobalSection
EndGlobal
